{
  "lockfile-version": 1,
  "manifest": {
    "version": 1,
    "install": {
      "bashInteractive": {
        "pkg-path": "bashInteractive"
      },
      "coreutils-full": {
        "pkg-path": "coreutils-full"
      },
      "git": {
        "pkg-path": "git"
      },
      "neovim": {
        "pkg-path": "neovim"
      },
      "nerdfonts": {
        "pkg-path": "nerdfonts"
      },
      "starship": {
        "pkg-path": "starship"
      },
      "stow": {
        "pkg-path": "stow"
      },
      "wget": {
        "pkg-path": "wget"
      }
    },
    "hook": {},
    "profile": {
      "common": "    SCRIPT_DIR=$( cd -- \"$( dirname -- \"${BASH_SOURCE[0]}\" )\" &> /dev/null && pwd )\n    # clear all environment variables other than the flox specific ones\n    for var in $(env | cut -d'=' -f1); do\n        if [[ ! \"$var\" =~ ^(_)?FLOX ]]; then\n        # Unset the variable\n        unset \"$var\"\n        fi\n    done\n    SCRIPT_DIR=\"$VENV_HOME\"\n    #source \"${VENV_HOME}/.bashrc\"\n"
    },
    "options": {
      "systems": [
        "aarch64-darwin",
        "aarch64-linux",
        "x86_64-darwin",
        "x86_64-linux"
      ],
      "allow": {
        "licenses": []
      },
      "semver": {}
    }
  },
  "packages": [
    {
      "attr_path": "bashInteractive",
      "broken": false,
      "derivation": "/nix/store/nabbvzh33mj0i535xw8cgg28r2615zkd-bash-interactive-5.2p37.drv",
      "description": "GNU Bourne-Again Shell, the de facto standard shell on Linux (for interactive use)",
      "install_id": "bashInteractive",
      "license": "GPL-3.0-or-later",
      "locked_url": "https://github.com/flox/nixpkgs?rev=4633a7c72337ea8fd23a4f2ba3972865e3ec685d",
      "name": "bash-interactive-5.2p37",
      "pname": "bashInteractive",
      "rev": "4633a7c72337ea8fd23a4f2ba3972865e3ec685d",
      "rev_count": 712559,
      "rev_date": "2024-11-25T07:53:41Z",
      "scrape_date": "2024-11-27T03:52:37Z",
      "stabilities": [
        "lts",
        "stable",
        "staging",
        "unstable"
      ],
      "unfree": false,
      "version": "5.2p37",
      "outputs_to_install": [
        "man",
        "out"
      ],
      "outputs": {
        "dev": "/nix/store/srhl4n3r13f5jqm3jhb66py03ka8qsig-bash-interactive-5.2p37-dev",
        "doc": "/nix/store/siy64lwm1l06l0pmr8rdb80zc1kqz5np-bash-interactive-5.2p37-doc",
        "info": "/nix/store/kx2kw1smvy5m6kyz3jszdv0s8w87d3hp-bash-interactive-5.2p37-info",
        "man": "/nix/store/wwyxisp0b0w6r165z9ib12hb818wqgwz-bash-interactive-5.2p37-man",
        "out": "/nix/store/72v89qiddn9y8vc0jpi5mvm0wxcxsr48-bash-interactive-5.2p37"
      },
      "system": "aarch64-darwin",
      "group": "toplevel",
      "priority": 5
    },
    {
      "attr_path": "bashInteractive",
      "broken": false,
      "derivation": "/nix/store/3narj6hgrf7hzgn6l1lwcfn8i4hssf0c-bash-interactive-5.2p37.drv",
      "description": "GNU Bourne-Again Shell, the de facto standard shell on Linux (for interactive use)",
      "install_id": "bashInteractive",
      "license": "GPL-3.0-or-later",
      "locked_url": "https://github.com/flox/nixpkgs?rev=4633a7c72337ea8fd23a4f2ba3972865e3ec685d",
      "name": "bash-interactive-5.2p37",
      "pname": "bashInteractive",
      "rev": "4633a7c72337ea8fd23a4f2ba3972865e3ec685d",
      "rev_count": 712559,
      "rev_date": "2024-11-25T07:53:41Z",
      "scrape_date": "2024-11-27T03:52:37Z",
      "stabilities": [
        "lts",
        "stable",
        "staging",
        "unstable"
      ],
      "unfree": false,
      "version": "5.2p37",
      "outputs_to_install": [
        "man",
        "out"
      ],
      "outputs": {
        "debug": "/nix/store/8pfarjl72v5zcdfzcsflzs4zwsvac2ll-bash-interactive-5.2p37-debug",
        "dev": "/nix/store/6kzxsrhpml5jz8n30z52s8ay3g40pa10-bash-interactive-5.2p37-dev",
        "doc": "/nix/store/965z531pkff3s80hyhziipxlnfqpb71i-bash-interactive-5.2p37-doc",
        "info": "/nix/store/afkw720fr7fl9rd3jgc4c7xkh0w6kb3i-bash-interactive-5.2p37-info",
        "man": "/nix/store/s0cjq8g3j1ncb54mx2flwgszgcflyxxz-bash-interactive-5.2p37-man",
        "out": "/nix/store/21sm5s7x6qbkklbyf2j1jlrs7zkdrm6i-bash-interactive-5.2p37"
      },
      "system": "aarch64-linux",
      "group": "toplevel",
      "priority": 5
    },
    {
      "attr_path": "bashInteractive",
      "broken": false,
      "derivation": "/nix/store/kdpcjbbymx73hb68k4c0b81vsqgnknay-bash-interactive-5.2p37.drv",
      "description": "GNU Bourne-Again Shell, the de facto standard shell on Linux (for interactive use)",
      "install_id": "bashInteractive",
      "license": "GPL-3.0-or-later",
      "locked_url": "https://github.com/flox/nixpkgs?rev=4633a7c72337ea8fd23a4f2ba3972865e3ec685d",
      "name": "bash-interactive-5.2p37",
      "pname": "bashInteractive",
      "rev": "4633a7c72337ea8fd23a4f2ba3972865e3ec685d",
      "rev_count": 712559,
      "rev_date": "2024-11-25T07:53:41Z",
      "scrape_date": "2024-11-27T03:52:37Z",
      "stabilities": [
        "lts",
        "stable",
        "staging",
        "unstable"
      ],
      "unfree": false,
      "version": "5.2p37",
      "outputs_to_install": [
        "man",
        "out"
      ],
      "outputs": {
        "dev": "/nix/store/zbgn1g82iw3ixap4rj8ndpz2s6qshjp1-bash-interactive-5.2p37-dev",
        "doc": "/nix/store/cvfxwk6a39yk2pf926nsi64sddj7acwn-bash-interactive-5.2p37-doc",
        "info": "/nix/store/3b4mg6xhyciz08cg07660q8x9p92b4js-bash-interactive-5.2p37-info",
        "man": "/nix/store/xpd0acbrw3q0mi90yc0xkj0b7ln5j14n-bash-interactive-5.2p37-man",
        "out": "/nix/store/zk3w0x7hx79q8ngm27a6isyhcars3qf9-bash-interactive-5.2p37"
      },
      "system": "x86_64-darwin",
      "group": "toplevel",
      "priority": 5
    },
    {
      "attr_path": "bashInteractive",
      "broken": false,
      "derivation": "/nix/store/l1m3ml4cn9nlfwp9j6f4gjmlna9k6k9p-bash-interactive-5.2p37.drv",
      "description": "GNU Bourne-Again Shell, the de facto standard shell on Linux (for interactive use)",
      "install_id": "bashInteractive",
      "license": "GPL-3.0-or-later",
      "locked_url": "https://github.com/flox/nixpkgs?rev=4633a7c72337ea8fd23a4f2ba3972865e3ec685d",
      "name": "bash-interactive-5.2p37",
      "pname": "bashInteractive",
      "rev": "4633a7c72337ea8fd23a4f2ba3972865e3ec685d",
      "rev_count": 712559,
      "rev_date": "2024-11-25T07:53:41Z",
      "scrape_date": "2024-11-27T03:52:37Z",
      "stabilities": [
        "lts",
        "stable",
        "staging",
        "unstable"
      ],
      "unfree": false,
      "version": "5.2p37",
      "outputs_to_install": [
        "man",
        "out"
      ],
      "outputs": {
        "debug": "/nix/store/ckd71d1r56qz64djqjfbmiqa0fcmzyxn-bash-interactive-5.2p37-debug",
        "dev": "/nix/store/d9wvbfcv7whqprs8sdrk2qikd32ncs74-bash-interactive-5.2p37-dev",
        "doc": "/nix/store/iiasx36bjj3wcnr05k83hs7f62cdbyq9-bash-interactive-5.2p37-doc",
        "info": "/nix/store/9qzjybxgcsbmhyiik5a1b3l87ycb26a1-bash-interactive-5.2p37-info",
        "man": "/nix/store/mzl12fi6ls169g209yg6mwz0x2gwmsz6-bash-interactive-5.2p37-man",
        "out": "/nix/store/126zbg10gjaxgs1kxz69h05ai95266cg-bash-interactive-5.2p37"
      },
      "system": "x86_64-linux",
      "group": "toplevel",
      "priority": 5
    },
    {
      "attr_path": "coreutils-full",
      "broken": false,
      "derivation": "/nix/store/8kwdrimhjryvjcggvm2cpgda2ncn9i92-coreutils-full-9.5.drv",
      "description": "GNU Core Utilities",
      "install_id": "coreutils-full",
      "license": "GPL-3.0-or-later",
      "locked_url": "https://github.com/flox/nixpkgs?rev=4633a7c72337ea8fd23a4f2ba3972865e3ec685d",
      "name": "coreutils-full-9.5",
      "pname": "coreutils-full",
      "rev": "4633a7c72337ea8fd23a4f2ba3972865e3ec685d",
      "rev_count": 712559,
      "rev_date": "2024-11-25T07:53:41Z",
      "scrape_date": "2024-11-27T03:52:37Z",
      "stabilities": [
        "lts",
        "stable",
        "staging",
        "unstable"
      ],
      "unfree": false,
      "version": "9.5",
      "outputs_to_install": [
        "out"
      ],
      "outputs": {
        "info": "/nix/store/6ixs46778pydk8hwcrcyzlra9pg9844y-coreutils-full-9.5-info",
        "out": "/nix/store/9aws5msr2yf5ac0hskr5kr4fy7fbq62n-coreutils-full-9.5"
      },
      "system": "aarch64-darwin",
      "group": "toplevel",
      "priority": 5
    },
    {
      "attr_path": "coreutils-full",
      "broken": false,
      "derivation": "/nix/store/9ylkm8b4dkmxzykcyxkkikqk9594qd1s-coreutils-full-9.5.drv",
      "description": "GNU Core Utilities",
      "install_id": "coreutils-full",
      "license": "GPL-3.0-or-later",
      "locked_url": "https://github.com/flox/nixpkgs?rev=4633a7c72337ea8fd23a4f2ba3972865e3ec685d",
      "name": "coreutils-full-9.5",
      "pname": "coreutils-full",
      "rev": "4633a7c72337ea8fd23a4f2ba3972865e3ec685d",
      "rev_count": 712559,
      "rev_date": "2024-11-25T07:53:41Z",
      "scrape_date": "2024-11-27T03:52:37Z",
      "stabilities": [
        "lts",
        "stable",
        "staging",
        "unstable"
      ],
      "unfree": false,
      "version": "9.5",
      "outputs_to_install": [
        "out"
      ],
      "outputs": {
        "debug": "/nix/store/fc8sk2f7iq6hlkdn2pm4hp0qmjgkva0n-coreutils-full-9.5-debug",
        "info": "/nix/store/w09aqijq0yxdwnjssbywx3hls23rk8bm-coreutils-full-9.5-info",
        "out": "/nix/store/8idqmhbjcmhgjq0ghpr73mc9wvi1ba07-coreutils-full-9.5"
      },
      "system": "aarch64-linux",
      "group": "toplevel",
      "priority": 5
    },
    {
      "attr_path": "coreutils-full",
      "broken": false,
      "derivation": "/nix/store/y5pd5dbrgrsjrwpn9pk6ai4zrq5bd4ch-coreutils-full-9.5.drv",
      "description": "GNU Core Utilities",
      "install_id": "coreutils-full",
      "license": "GPL-3.0-or-later",
      "locked_url": "https://github.com/flox/nixpkgs?rev=4633a7c72337ea8fd23a4f2ba3972865e3ec685d",
      "name": "coreutils-full-9.5",
      "pname": "coreutils-full",
      "rev": "4633a7c72337ea8fd23a4f2ba3972865e3ec685d",
      "rev_count": 712559,
      "rev_date": "2024-11-25T07:53:41Z",
      "scrape_date": "2024-11-27T03:52:37Z",
      "stabilities": [
        "lts",
        "stable",
        "staging",
        "unstable"
      ],
      "unfree": false,
      "version": "9.5",
      "outputs_to_install": [
        "out"
      ],
      "outputs": {
        "info": "/nix/store/6d1ysnx37xvn6vc0caq59rp3vs1176a5-coreutils-full-9.5-info",
        "out": "/nix/store/biyhpmywa5aydhf4ki6yrcwgsqamd2z8-coreutils-full-9.5"
      },
      "system": "x86_64-darwin",
      "group": "toplevel",
      "priority": 5
    },
    {
      "attr_path": "coreutils-full",
      "broken": false,
      "derivation": "/nix/store/2qdabds097xcrrsixxj5al92vig2hqch-coreutils-full-9.5.drv",
      "description": "GNU Core Utilities",
      "install_id": "coreutils-full",
      "license": "GPL-3.0-or-later",
      "locked_url": "https://github.com/flox/nixpkgs?rev=4633a7c72337ea8fd23a4f2ba3972865e3ec685d",
      "name": "coreutils-full-9.5",
      "pname": "coreutils-full",
      "rev": "4633a7c72337ea8fd23a4f2ba3972865e3ec685d",
      "rev_count": 712559,
      "rev_date": "2024-11-25T07:53:41Z",
      "scrape_date": "2024-11-27T03:52:37Z",
      "stabilities": [
        "lts",
        "stable",
        "staging",
        "unstable"
      ],
      "unfree": false,
      "version": "9.5",
      "outputs_to_install": [
        "out"
      ],
      "outputs": {
        "debug": "/nix/store/59100miigmp7qiz4bb6jlla895z86wyr-coreutils-full-9.5-debug",
        "info": "/nix/store/z26cfsxf0dd7c26yalm2bly7zqhzakay-coreutils-full-9.5-info",
        "out": "/nix/store/fzd7zvk8gfiqharv5gdvxpsf4paq0d0i-coreutils-full-9.5"
      },
      "system": "x86_64-linux",
      "group": "toplevel",
      "priority": 5
    },
    {
      "attr_path": "git",
      "broken": false,
      "derivation": "/nix/store/krq2jvfv240zsy98b1alc41w9hgp9qg0-git-2.47.0.drv",
      "description": "Distributed version control system",
      "install_id": "git",
      "license": "GPL-2.0",
      "locked_url": "https://github.com/flox/nixpkgs?rev=4633a7c72337ea8fd23a4f2ba3972865e3ec685d",
      "name": "git-2.47.0",
      "pname": "git",
      "rev": "4633a7c72337ea8fd23a4f2ba3972865e3ec685d",
      "rev_count": 712559,
      "rev_date": "2024-11-25T07:53:41Z",
      "scrape_date": "2024-11-27T03:52:37Z",
      "stabilities": [
        "lts",
        "stable",
        "staging",
        "unstable"
      ],
      "unfree": false,
      "version": "2.47.0",
      "outputs_to_install": [
        "out"
      ],
      "outputs": {
        "doc": "/nix/store/8r3g3kpmrgk1ih1wfyfxv0qrybaqqk6r-git-2.47.0-doc",
        "out": "/nix/store/w5rggkxjd7z2cjk4fia9za7gb485pydw-git-2.47.0"
      },
      "system": "aarch64-darwin",
      "group": "toplevel",
      "priority": 5
    },
    {
      "attr_path": "git",
      "broken": false,
      "derivation": "/nix/store/6wygfvjcfraqwqr19fzvl1xbkbwv9if9-git-2.47.0.drv",
      "description": "Distributed version control system",
      "install_id": "git",
      "license": "GPL-2.0",
      "locked_url": "https://github.com/flox/nixpkgs?rev=4633a7c72337ea8fd23a4f2ba3972865e3ec685d",
      "name": "git-2.47.0",
      "pname": "git",
      "rev": "4633a7c72337ea8fd23a4f2ba3972865e3ec685d",
      "rev_count": 712559,
      "rev_date": "2024-11-25T07:53:41Z",
      "scrape_date": "2024-11-27T03:52:37Z",
      "stabilities": [
        "lts",
        "stable",
        "staging",
        "unstable"
      ],
      "unfree": false,
      "version": "2.47.0",
      "outputs_to_install": [
        "out"
      ],
      "outputs": {
        "debug": "/nix/store/48mq59i2nmkay3qbqqjsgpsqhwnjvn7n-git-2.47.0-debug",
        "doc": "/nix/store/27xymgj2ah5j40iy407p9604nlg23whx-git-2.47.0-doc",
        "out": "/nix/store/50hslncwwrrzjwyrr5ifia29dxlmny03-git-2.47.0"
      },
      "system": "aarch64-linux",
      "group": "toplevel",
      "priority": 5
    },
    {
      "attr_path": "git",
      "broken": false,
      "derivation": "/nix/store/fvkdhl8bf1g6v1y7i3wb6c9fkqxanlix-git-2.47.0.drv",
      "description": "Distributed version control system",
      "install_id": "git",
      "license": "GPL-2.0",
      "locked_url": "https://github.com/flox/nixpkgs?rev=4633a7c72337ea8fd23a4f2ba3972865e3ec685d",
      "name": "git-2.47.0",
      "pname": "git",
      "rev": "4633a7c72337ea8fd23a4f2ba3972865e3ec685d",
      "rev_count": 712559,
      "rev_date": "2024-11-25T07:53:41Z",
      "scrape_date": "2024-11-27T03:52:37Z",
      "stabilities": [
        "lts",
        "stable",
        "staging",
        "unstable"
      ],
      "unfree": false,
      "version": "2.47.0",
      "outputs_to_install": [
        "out"
      ],
      "outputs": {
        "doc": "/nix/store/zm42fzcd69sc8jqcn22z5dhnj5rvrk39-git-2.47.0-doc",
        "out": "/nix/store/w7a374fz8ai3swihnynx4r7hgqsw9xvd-git-2.47.0"
      },
      "system": "x86_64-darwin",
      "group": "toplevel",
      "priority": 5
    },
    {
      "attr_path": "git",
      "broken": false,
      "derivation": "/nix/store/faqnz9j01fxvqhbzw1a544g8cqcrygia-git-2.47.0.drv",
      "description": "Distributed version control system",
      "install_id": "git",
      "license": "GPL-2.0",
      "locked_url": "https://github.com/flox/nixpkgs?rev=4633a7c72337ea8fd23a4f2ba3972865e3ec685d",
      "name": "git-2.47.0",
      "pname": "git",
      "rev": "4633a7c72337ea8fd23a4f2ba3972865e3ec685d",
      "rev_count": 712559,
      "rev_date": "2024-11-25T07:53:41Z",
      "scrape_date": "2024-11-27T03:52:37Z",
      "stabilities": [
        "lts",
        "stable",
        "staging",
        "unstable"
      ],
      "unfree": false,
      "version": "2.47.0",
      "outputs_to_install": [
        "out"
      ],
      "outputs": {
        "debug": "/nix/store/yzj0y9yq01yfqmpwvifwqlnws90yq60l-git-2.47.0-debug",
        "doc": "/nix/store/851nl4fknnygvx9qmkmm7iqlv66l4fzg-git-2.47.0-doc",
        "out": "/nix/store/pxpns5vm111i6j3r3wbygaj99wbrm6h1-git-2.47.0"
      },
      "system": "x86_64-linux",
      "group": "toplevel",
      "priority": 5
    },
    {
      "attr_path": "neovim",
      "broken": false,
      "derivation": "/nix/store/vrwqdqjqlzdidz3wvlj9d4xbmxwkmnv5-neovim-0.10.2.drv",
      "description": "Vim text editor fork focused on extensibility and agility",
      "install_id": "neovim",
      "license": "[ Apache-2.0, Vim ]",
      "locked_url": "https://github.com/flox/nixpkgs?rev=4633a7c72337ea8fd23a4f2ba3972865e3ec685d",
      "name": "neovim-0.10.2",
      "pname": "neovim",
      "rev": "4633a7c72337ea8fd23a4f2ba3972865e3ec685d",
      "rev_count": 712559,
      "rev_date": "2024-11-25T07:53:41Z",
      "scrape_date": "2024-11-27T03:52:37Z",
      "stabilities": [
        "lts",
        "stable",
        "staging",
        "unstable"
      ],
      "unfree": false,
      "version": "0.10.2",
      "outputs_to_install": [
        "out"
      ],
      "outputs": {
        "out": "/nix/store/zqr0b3ggl0fn2g6f6rkan891swfw9r1a-neovim-0.10.2"
      },
      "system": "aarch64-darwin",
      "group": "toplevel",
      "priority": 5
    },
    {
      "attr_path": "neovim",
      "broken": false,
      "derivation": "/nix/store/vaxpbi1smkadnw2dzvvrd63da797fx8y-neovim-0.10.2.drv",
      "description": "Vim text editor fork focused on extensibility and agility",
      "install_id": "neovim",
      "license": "[ Apache-2.0, Vim ]",
      "locked_url": "https://github.com/flox/nixpkgs?rev=4633a7c72337ea8fd23a4f2ba3972865e3ec685d",
      "name": "neovim-0.10.2",
      "pname": "neovim",
      "rev": "4633a7c72337ea8fd23a4f2ba3972865e3ec685d",
      "rev_count": 712559,
      "rev_date": "2024-11-25T07:53:41Z",
      "scrape_date": "2024-11-27T03:52:37Z",
      "stabilities": [
        "lts",
        "stable",
        "staging",
        "unstable"
      ],
      "unfree": false,
      "version": "0.10.2",
      "outputs_to_install": [
        "out"
      ],
      "outputs": {
        "out": "/nix/store/br5qfpgnmaqa5ax5b1c84m032zgidknr-neovim-0.10.2"
      },
      "system": "aarch64-linux",
      "group": "toplevel",
      "priority": 5
    },
    {
      "attr_path": "neovim",
      "broken": false,
      "derivation": "/nix/store/8353x25arh1ghxwyk6h8nca9pxvpfz6w-neovim-0.10.2.drv",
      "description": "Vim text editor fork focused on extensibility and agility",
      "install_id": "neovim",
      "license": "[ Apache-2.0, Vim ]",
      "locked_url": "https://github.com/flox/nixpkgs?rev=4633a7c72337ea8fd23a4f2ba3972865e3ec685d",
      "name": "neovim-0.10.2",
      "pname": "neovim",
      "rev": "4633a7c72337ea8fd23a4f2ba3972865e3ec685d",
      "rev_count": 712559,
      "rev_date": "2024-11-25T07:53:41Z",
      "scrape_date": "2024-11-27T03:52:37Z",
      "stabilities": [
        "lts",
        "stable",
        "staging",
        "unstable"
      ],
      "unfree": false,
      "version": "0.10.2",
      "outputs_to_install": [
        "out"
      ],
      "outputs": {
        "out": "/nix/store/86a94lyw5mmb3q3fw44hmklja8fh0frz-neovim-0.10.2"
      },
      "system": "x86_64-darwin",
      "group": "toplevel",
      "priority": 5
    },
    {
      "attr_path": "neovim",
      "broken": false,
      "derivation": "/nix/store/5w7sn7478nqph8v3z6q318abn2xwph9i-neovim-0.10.2.drv",
      "description": "Vim text editor fork focused on extensibility and agility",
      "install_id": "neovim",
      "license": "[ Apache-2.0, Vim ]",
      "locked_url": "https://github.com/flox/nixpkgs?rev=4633a7c72337ea8fd23a4f2ba3972865e3ec685d",
      "name": "neovim-0.10.2",
      "pname": "neovim",
      "rev": "4633a7c72337ea8fd23a4f2ba3972865e3ec685d",
      "rev_count": 712559,
      "rev_date": "2024-11-25T07:53:41Z",
      "scrape_date": "2024-11-27T03:52:37Z",
      "stabilities": [
        "lts",
        "stable",
        "staging",
        "unstable"
      ],
      "unfree": false,
      "version": "0.10.2",
      "outputs_to_install": [
        "out"
      ],
      "outputs": {
        "out": "/nix/store/f797mj862kxlg29016i0ld6k55im11ii-neovim-0.10.2"
      },
      "system": "x86_64-linux",
      "group": "toplevel",
      "priority": 5
    },
    {
      "attr_path": "nerdfonts",
      "broken": false,
      "derivation": "/nix/store/cc3lfrzv7j22m7hj009s1qbl7g4cj3r5-nerdfonts-3.2.1.drv",
      "description": "Iconic font aggregator, collection, & patcher. 3,600+ icons, 50+ patched fonts",
      "install_id": "nerdfonts",
      "license": "MIT",
      "locked_url": "https://github.com/flox/nixpkgs?rev=4633a7c72337ea8fd23a4f2ba3972865e3ec685d",
      "name": "nerdfonts-3.2.1",
      "pname": "nerdfonts",
      "rev": "4633a7c72337ea8fd23a4f2ba3972865e3ec685d",
      "rev_count": 712559,
      "rev_date": "2024-11-25T07:53:41Z",
      "scrape_date": "2024-11-27T03:52:37Z",
      "stabilities": [
        "lts",
        "stable",
        "staging",
        "unstable"
      ],
      "unfree": false,
      "version": "3.2.1",
      "outputs_to_install": [
        "out"
      ],
      "outputs": {
        "out": "/nix/store/kjp1v736v5adydkwfh1wy5m71v7y02ww-nerdfonts-3.2.1"
      },
      "system": "aarch64-darwin",
      "group": "toplevel",
      "priority": 5
    },
    {
      "attr_path": "nerdfonts",
      "broken": false,
      "derivation": "/nix/store/3b4n9lkjd9ardlcdb948f5x0pghgi8yp-nerdfonts-3.2.1.drv",
      "description": "Iconic font aggregator, collection, & patcher. 3,600+ icons, 50+ patched fonts",
      "install_id": "nerdfonts",
      "license": "MIT",
      "locked_url": "https://github.com/flox/nixpkgs?rev=4633a7c72337ea8fd23a4f2ba3972865e3ec685d",
      "name": "nerdfonts-3.2.1",
      "pname": "nerdfonts",
      "rev": "4633a7c72337ea8fd23a4f2ba3972865e3ec685d",
      "rev_count": 712559,
      "rev_date": "2024-11-25T07:53:41Z",
      "scrape_date": "2024-11-27T03:52:37Z",
      "stabilities": [
        "lts",
        "stable",
        "staging",
        "unstable"
      ],
      "unfree": false,
      "version": "3.2.1",
      "outputs_to_install": [
        "out"
      ],
      "outputs": {
        "out": "/nix/store/cw6dv2xzf2gq2d4n558jd76mspwqmlkw-nerdfonts-3.2.1"
      },
      "system": "aarch64-linux",
      "group": "toplevel",
      "priority": 5
    },
    {
      "attr_path": "nerdfonts",
      "broken": false,
      "derivation": "/nix/store/4wxlyf2bd0xld2wsar43zravp9l3xipz-nerdfonts-3.2.1.drv",
      "description": "Iconic font aggregator, collection, & patcher. 3,600+ icons, 50+ patched fonts",
      "install_id": "nerdfonts",
      "license": "MIT",
      "locked_url": "https://github.com/flox/nixpkgs?rev=4633a7c72337ea8fd23a4f2ba3972865e3ec685d",
      "name": "nerdfonts-3.2.1",
      "pname": "nerdfonts",
      "rev": "4633a7c72337ea8fd23a4f2ba3972865e3ec685d",
      "rev_count": 712559,
      "rev_date": "2024-11-25T07:53:41Z",
      "scrape_date": "2024-11-27T03:52:37Z",
      "stabilities": [
        "lts",
        "stable",
        "staging",
        "unstable"
      ],
      "unfree": false,
      "version": "3.2.1",
      "outputs_to_install": [
        "out"
      ],
      "outputs": {
        "out": "/nix/store/r6r5vzi72a5vx8b3lhl1aq9hma99m2b1-nerdfonts-3.2.1"
      },
      "system": "x86_64-darwin",
      "group": "toplevel",
      "priority": 5
    },
    {
      "attr_path": "nerdfonts",
      "broken": false,
      "derivation": "/nix/store/q9wy2j9zc39q6rrr3mzfff0whkqmp4zp-nerdfonts-3.2.1.drv",
      "description": "Iconic font aggregator, collection, & patcher. 3,600+ icons, 50+ patched fonts",
      "install_id": "nerdfonts",
      "license": "MIT",
      "locked_url": "https://github.com/flox/nixpkgs?rev=4633a7c72337ea8fd23a4f2ba3972865e3ec685d",
      "name": "nerdfonts-3.2.1",
      "pname": "nerdfonts",
      "rev": "4633a7c72337ea8fd23a4f2ba3972865e3ec685d",
      "rev_count": 712559,
      "rev_date": "2024-11-25T07:53:41Z",
      "scrape_date": "2024-11-27T03:52:37Z",
      "stabilities": [
        "lts",
        "stable",
        "staging",
        "unstable"
      ],
      "unfree": false,
      "version": "3.2.1",
      "outputs_to_install": [
        "out"
      ],
      "outputs": {
        "out": "/nix/store/c8z07qzzpg17vg0chvfz56gkj48frhww-nerdfonts-3.2.1"
      },
      "system": "x86_64-linux",
      "group": "toplevel",
      "priority": 5
    },
    {
      "attr_path": "starship",
      "broken": false,
      "derivation": "/nix/store/73na8syfl4ggk631iwwwf8lfsylrm0z9-starship-1.21.1.drv",
      "description": "Minimal, blazing fast, and extremely customizable prompt for any shell",
      "install_id": "starship",
      "license": "ISC",
      "locked_url": "https://github.com/flox/nixpkgs?rev=4633a7c72337ea8fd23a4f2ba3972865e3ec685d",
      "name": "starship-1.21.1",
      "pname": "starship",
      "rev": "4633a7c72337ea8fd23a4f2ba3972865e3ec685d",
      "rev_count": 712559,
      "rev_date": "2024-11-25T07:53:41Z",
      "scrape_date": "2024-11-27T03:52:37Z",
      "stabilities": [
        "lts",
        "stable",
        "staging",
        "unstable"
      ],
      "unfree": false,
      "version": "1.21.1",
      "outputs_to_install": [
        "out"
      ],
      "outputs": {
        "out": "/nix/store/syg4qq9fsznjxs65kqa2yg9nnvsj0gyg-starship-1.21.1"
      },
      "system": "aarch64-darwin",
      "group": "toplevel",
      "priority": 5
    },
    {
      "attr_path": "starship",
      "broken": false,
      "derivation": "/nix/store/w61sga4nqkbyl68ksk3g7kja5am6hnla-starship-1.21.1.drv",
      "description": "Minimal, blazing fast, and extremely customizable prompt for any shell",
      "install_id": "starship",
      "license": "ISC",
      "locked_url": "https://github.com/flox/nixpkgs?rev=4633a7c72337ea8fd23a4f2ba3972865e3ec685d",
      "name": "starship-1.21.1",
      "pname": "starship",
      "rev": "4633a7c72337ea8fd23a4f2ba3972865e3ec685d",
      "rev_count": 712559,
      "rev_date": "2024-11-25T07:53:41Z",
      "scrape_date": "2024-11-27T03:52:37Z",
      "stabilities": [
        "lts",
        "stable",
        "staging",
        "unstable"
      ],
      "unfree": false,
      "version": "1.21.1",
      "outputs_to_install": [
        "out"
      ],
      "outputs": {
        "out": "/nix/store/pfv2l0h84za8zsx9mrk2mssgzqx59n5h-starship-1.21.1"
      },
      "system": "aarch64-linux",
      "group": "toplevel",
      "priority": 5
    },
    {
      "attr_path": "starship",
      "broken": false,
      "derivation": "/nix/store/pk81apl2mqi5s29hnhri0jfdkawhdmni-starship-1.21.1.drv",
      "description": "Minimal, blazing fast, and extremely customizable prompt for any shell",
      "install_id": "starship",
      "license": "ISC",
      "locked_url": "https://github.com/flox/nixpkgs?rev=4633a7c72337ea8fd23a4f2ba3972865e3ec685d",
      "name": "starship-1.21.1",
      "pname": "starship",
      "rev": "4633a7c72337ea8fd23a4f2ba3972865e3ec685d",
      "rev_count": 712559,
      "rev_date": "2024-11-25T07:53:41Z",
      "scrape_date": "2024-11-27T03:52:37Z",
      "stabilities": [
        "lts",
        "stable",
        "staging",
        "unstable"
      ],
      "unfree": false,
      "version": "1.21.1",
      "outputs_to_install": [
        "out"
      ],
      "outputs": {
        "out": "/nix/store/lhg5y937a971bljld22wl4pv08gm1x79-starship-1.21.1"
      },
      "system": "x86_64-darwin",
      "group": "toplevel",
      "priority": 5
    },
    {
      "attr_path": "starship",
      "broken": false,
      "derivation": "/nix/store/cx782zxhph4d3x4l6rfhkyj90bz4wc6v-starship-1.21.1.drv",
      "description": "Minimal, blazing fast, and extremely customizable prompt for any shell",
      "install_id": "starship",
      "license": "ISC",
      "locked_url": "https://github.com/flox/nixpkgs?rev=4633a7c72337ea8fd23a4f2ba3972865e3ec685d",
      "name": "starship-1.21.1",
      "pname": "starship",
      "rev": "4633a7c72337ea8fd23a4f2ba3972865e3ec685d",
      "rev_count": 712559,
      "rev_date": "2024-11-25T07:53:41Z",
      "scrape_date": "2024-11-27T03:52:37Z",
      "stabilities": [
        "lts",
        "stable",
        "staging",
        "unstable"
      ],
      "unfree": false,
      "version": "1.21.1",
      "outputs_to_install": [
        "out"
      ],
      "outputs": {
        "out": "/nix/store/92sfdamarl74dzcpqwzi8k44447n6y7d-starship-1.21.1"
      },
      "system": "x86_64-linux",
      "group": "toplevel",
      "priority": 5
    },
    {
      "attr_path": "stow",
      "broken": false,
      "derivation": "/nix/store/gns862sznngnafl49sf66qigjj7x9zdd-stow-2.4.1.drv",
      "description": "Tool for managing the installation of multiple software packages in the same run-time directory tree",
      "install_id": "stow",
      "license": "GPL-3.0-or-later",
      "locked_url": "https://github.com/flox/nixpkgs?rev=4633a7c72337ea8fd23a4f2ba3972865e3ec685d",
      "name": "stow-2.4.1",
      "pname": "stow",
      "rev": "4633a7c72337ea8fd23a4f2ba3972865e3ec685d",
      "rev_count": 712559,
      "rev_date": "2024-11-25T07:53:41Z",
      "scrape_date": "2024-11-27T03:52:37Z",
      "stabilities": [
        "lts",
        "stable",
        "staging",
        "unstable"
      ],
      "unfree": false,
      "version": "2.4.1",
      "outputs_to_install": [
        "out"
      ],
      "outputs": {
        "out": "/nix/store/492q3rhabb4imbka5i8lb2mqms9b0awg-stow-2.4.1"
      },
      "system": "aarch64-darwin",
      "group": "toplevel",
      "priority": 5
    },
    {
      "attr_path": "stow",
      "broken": false,
      "derivation": "/nix/store/myz7b5y064gl4pnp127xwyp9fpslcnn7-stow-2.4.1.drv",
      "description": "Tool for managing the installation of multiple software packages in the same run-time directory tree",
      "install_id": "stow",
      "license": "GPL-3.0-or-later",
      "locked_url": "https://github.com/flox/nixpkgs?rev=4633a7c72337ea8fd23a4f2ba3972865e3ec685d",
      "name": "stow-2.4.1",
      "pname": "stow",
      "rev": "4633a7c72337ea8fd23a4f2ba3972865e3ec685d",
      "rev_count": 712559,
      "rev_date": "2024-11-25T07:53:41Z",
      "scrape_date": "2024-11-27T03:52:37Z",
      "stabilities": [
        "lts",
        "stable",
        "staging",
        "unstable"
      ],
      "unfree": false,
      "version": "2.4.1",
      "outputs_to_install": [
        "out"
      ],
      "outputs": {
        "out": "/nix/store/vnv9krv27k3lcvrzwj8k89f9l60rzfh8-stow-2.4.1"
      },
      "system": "aarch64-linux",
      "group": "toplevel",
      "priority": 5
    },
    {
      "attr_path": "stow",
      "broken": false,
      "derivation": "/nix/store/dbpnsvkvyxg91yc2dm9pbiq62qfp87mh-stow-2.4.1.drv",
      "description": "Tool for managing the installation of multiple software packages in the same run-time directory tree",
      "install_id": "stow",
      "license": "GPL-3.0-or-later",
      "locked_url": "https://github.com/flox/nixpkgs?rev=4633a7c72337ea8fd23a4f2ba3972865e3ec685d",
      "name": "stow-2.4.1",
      "pname": "stow",
      "rev": "4633a7c72337ea8fd23a4f2ba3972865e3ec685d",
      "rev_count": 712559,
      "rev_date": "2024-11-25T07:53:41Z",
      "scrape_date": "2024-11-27T03:52:37Z",
      "stabilities": [
        "lts",
        "stable",
        "staging",
        "unstable"
      ],
      "unfree": false,
      "version": "2.4.1",
      "outputs_to_install": [
        "out"
      ],
      "outputs": {
        "out": "/nix/store/7pa44in5l6wd7afn84prilzgcz9aafb8-stow-2.4.1"
      },
      "system": "x86_64-darwin",
      "group": "toplevel",
      "priority": 5
    },
    {
      "attr_path": "stow",
      "broken": false,
      "derivation": "/nix/store/17gs880gsmbimjhvh3j4nycxf8cqa7xy-stow-2.4.1.drv",
      "description": "Tool for managing the installation of multiple software packages in the same run-time directory tree",
      "install_id": "stow",
      "license": "GPL-3.0-or-later",
      "locked_url": "https://github.com/flox/nixpkgs?rev=4633a7c72337ea8fd23a4f2ba3972865e3ec685d",
      "name": "stow-2.4.1",
      "pname": "stow",
      "rev": "4633a7c72337ea8fd23a4f2ba3972865e3ec685d",
      "rev_count": 712559,
      "rev_date": "2024-11-25T07:53:41Z",
      "scrape_date": "2024-11-27T03:52:37Z",
      "stabilities": [
        "lts",
        "stable",
        "staging",
        "unstable"
      ],
      "unfree": false,
      "version": "2.4.1",
      "outputs_to_install": [
        "out"
      ],
      "outputs": {
        "out": "/nix/store/lwc5m5v1323351fqrniypvhz675pc6z0-stow-2.4.1"
      },
      "system": "x86_64-linux",
      "group": "toplevel",
      "priority": 5
    },
    {
      "attr_path": "wget",
      "broken": false,
      "derivation": "/nix/store/kx3w9kpml7sh20bdbgysy7gjq977ip3j-wget-1.25.0.drv",
      "description": "Tool for retrieving files using HTTP, HTTPS, and FTP",
      "install_id": "wget",
      "license": "GPL-3.0-or-later",
      "locked_url": "https://github.com/flox/nixpkgs?rev=4633a7c72337ea8fd23a4f2ba3972865e3ec685d",
      "name": "wget-1.25.0",
      "pname": "wget",
      "rev": "4633a7c72337ea8fd23a4f2ba3972865e3ec685d",
      "rev_count": 712559,
      "rev_date": "2024-11-25T07:53:41Z",
      "scrape_date": "2024-11-27T03:52:37Z",
      "stabilities": [
        "lts",
        "stable",
        "staging",
        "unstable"
      ],
      "unfree": false,
      "version": "1.25.0",
      "outputs_to_install": [
        "out"
      ],
      "outputs": {
        "out": "/nix/store/3hfdiifrid2mf5v5w8va194bhgj08i57-wget-1.25.0"
      },
      "system": "aarch64-darwin",
      "group": "toplevel",
      "priority": 5
    },
    {
      "attr_path": "wget",
      "broken": false,
      "derivation": "/nix/store/jp5vm52lkym7kgw7av6lz7njzcnq7590-wget-1.25.0.drv",
      "description": "Tool for retrieving files using HTTP, HTTPS, and FTP",
      "install_id": "wget",
      "license": "GPL-3.0-or-later",
      "locked_url": "https://github.com/flox/nixpkgs?rev=4633a7c72337ea8fd23a4f2ba3972865e3ec685d",
      "name": "wget-1.25.0",
      "pname": "wget",
      "rev": "4633a7c72337ea8fd23a4f2ba3972865e3ec685d",
      "rev_count": 712559,
      "rev_date": "2024-11-25T07:53:41Z",
      "scrape_date": "2024-11-27T03:52:37Z",
      "stabilities": [
        "lts",
        "stable",
        "staging",
        "unstable"
      ],
      "unfree": false,
      "version": "1.25.0",
      "outputs_to_install": [
        "out"
      ],
      "outputs": {
        "out": "/nix/store/vdsvwl978hl366d2wazljyq5pm4fg8av-wget-1.25.0"
      },
      "system": "aarch64-linux",
      "group": "toplevel",
      "priority": 5
    },
    {
      "attr_path": "wget",
      "broken": false,
      "derivation": "/nix/store/6g7l8jchdqan3bmvb76bynh5bm9ml9w4-wget-1.25.0.drv",
      "description": "Tool for retrieving files using HTTP, HTTPS, and FTP",
      "install_id": "wget",
      "license": "GPL-3.0-or-later",
      "locked_url": "https://github.com/flox/nixpkgs?rev=4633a7c72337ea8fd23a4f2ba3972865e3ec685d",
      "name": "wget-1.25.0",
      "pname": "wget",
      "rev": "4633a7c72337ea8fd23a4f2ba3972865e3ec685d",
      "rev_count": 712559,
      "rev_date": "2024-11-25T07:53:41Z",
      "scrape_date": "2024-11-27T03:52:37Z",
      "stabilities": [
        "lts",
        "stable",
        "staging",
        "unstable"
      ],
      "unfree": false,
      "version": "1.25.0",
      "outputs_to_install": [
        "out"
      ],
      "outputs": {
        "out": "/nix/store/acbryqdvzjfi3qvx375vn3aywjiir81d-wget-1.25.0"
      },
      "system": "x86_64-darwin",
      "group": "toplevel",
      "priority": 5
    },
    {
      "attr_path": "wget",
      "broken": false,
      "derivation": "/nix/store/dsj6pqlhfsd1w1ndbrhfjykr5fhb937v-wget-1.25.0.drv",
      "description": "Tool for retrieving files using HTTP, HTTPS, and FTP",
      "install_id": "wget",
      "license": "GPL-3.0-or-later",
      "locked_url": "https://github.com/flox/nixpkgs?rev=4633a7c72337ea8fd23a4f2ba3972865e3ec685d",
      "name": "wget-1.25.0",
      "pname": "wget",
      "rev": "4633a7c72337ea8fd23a4f2ba3972865e3ec685d",
      "rev_count": 712559,
      "rev_date": "2024-11-25T07:53:41Z",
      "scrape_date": "2024-11-27T03:52:37Z",
      "stabilities": [
        "lts",
        "stable",
        "staging",
        "unstable"
      ],
      "unfree": false,
      "version": "1.25.0",
      "outputs_to_install": [
        "out"
      ],
      "outputs": {
        "out": "/nix/store/cippdi2mfdwdygby4g5qq7dzknych67a-wget-1.25.0"
      },
      "system": "x86_64-linux",
      "group": "toplevel",
      "priority": 5
    }
  ]
}